
Microsoft Visual Studio Solution File, Format Version 12.00
# Visual Studio Version 17
VisualStudioVersion = 17.9.34321.82
MinimumVisualStudioVersion = 10.0.40219.1
Project("{FAE04EC0-301F-11D3-BF4B-00C04F79EFBC}") = "ChristineCA3", "ChristineCA3.csproj", "{03614758-8EF1-47C1-85BE-84D3370434DD}"
EndProject
Global
	GlobalSection(SolutionConfigurationPlatforms) = preSolution
		Debug|Any CPU = Debug|Any CPU
		Release|Any CPU = Release|Any CPU
	EndGlobalSection
	GlobalSection(ProjectConfigurationPlatforms) = postSolution
		{03614758-8EF1-47C1-85BE-84D3370434DD}.Debug|Any CPU.ActiveCfg = Debug|Any CPU
		{03614758-8EF1-47C1-85BE-84D3370434DD}.Debug|Any CPU.Build.0 = Debug|Any CPU
		{03614758-8EF1-47C1-85BE-84D3370434DD}.Release|Any CPU.ActiveCfg = Release|Any CPU
		{03614758-8EF1-47C1-85BE-84D3370434DD}.Release|Any CPU.Build.0 = Release|Any CPU
	EndGlobalSection
	GlobalSection(SolutionProperties) = preSolution
		HideSolutionNode = FALSE
	EndGlobalSection
	GlobalSection(ExtensibilityGlobals) = postSolution
		SolutionGuid = {A85D8205-DA05-4EE0-8D41-76C6D1E0ED2B}
	EndGlobalSection
EndGlobal
